
Microsoft Visual Studio Solution File, Format Version 12.00
# Visual Studio Version 16
VisualStudioVersion = 16.0.30621.155
MinimumVisualStudioVersion = 10.0.40219.1
Project("{FAE04EC0-301F-11D3-BF4B-00C04F79EFBC}") = "AssignmentFaceBook", "AssignmentFaceBook.csproj", "{96904B48-53AB-4643-82D4-98E1E1A5E32A}"
EndProject
Project("{C7167F0D-BC9F-4E6E-AFE1-012C56B48DB5}") = "FacebookAssignmentFinal", "..\FacebookAssignmentFinal\FacebookAssignmentFinal.wapproj", "{CAFE6B1E-8C73-40B7-8343-F143849BA615}"
EndProject
Global
	GlobalSection(SolutionConfigurationPlatforms) = preSolution
		Debug|Any CPU = Debug|Any CPU
		Debug|ARM = Debug|ARM
		Debug|ARM64 = Debug|ARM64
		Debug|x64 = Debug|x64
		Debug|x86 = Debug|x86
		Release|Any CPU = Release|Any CPU
		Release|ARM = Release|ARM
		Release|ARM64 = Release|ARM64
		Release|x64 = Release|x64
		Release|x86 = Release|x86
	EndGlobalSection
	GlobalSection(ProjectConfigurationPlatforms) = postSolution
		{96904B48-53AB-4643-82D4-98E1E1A5E32A}.Debug|Any CPU.ActiveCfg = Debug|Any CPU
		{96904B48-53AB-4643-82D4-98E1E1A5E32A}.Debug|Any CPU.Build.0 = Debug|Any CPU
		{96904B48-53AB-4643-82D4-98E1E1A5E32A}.Debug|ARM.ActiveCfg = Debug|Any CPU
		{96904B48-53AB-4643-82D4-98E1E1A5E32A}.Debug|ARM.Build.0 = Debug|Any CPU
		{96904B48-53AB-4643-82D4-98E1E1A5E32A}.Debug|ARM64.ActiveCfg = Debug|Any CPU
		{96904B48-53AB-4643-82D4-98E1E1A5E32A}.Debug|ARM64.Build.0 = Debug|Any CPU
		{96904B48-53AB-4643-82D4-98E1E1A5E32A}.Debug|x64.ActiveCfg = Debug|Any CPU
		{96904B48-53AB-4643-82D4-98E1E1A5E32A}.Debug|x64.Build.0 = Debug|Any CPU
		{96904B48-53AB-4643-82D4-98E1E1A5E32A}.Debug|x86.ActiveCfg = Debug|Any CPU
		{96904B48-53AB-4643-82D4-98E1E1A5E32A}.Debug|x86.Build.0 = Debug|Any CPU
		{96904B48-53AB-4643-82D4-98E1E1A5E32A}.Release|Any CPU.ActiveCfg = Release|Any CPU
		{96904B48-53AB-4643-82D4-98E1E1A5E32A}.Release|Any CPU.Build.0 = Release|Any CPU
		{96904B48-53AB-4643-82D4-98E1E1A5E32A}.Release|ARM.ActiveCfg = Release|Any CPU
		{96904B48-53AB-4643-82D4-98E1E1A5E32A}.Release|ARM.Build.0 = Release|Any CPU
		{96904B48-53AB-4643-82D4-98E1E1A5E32A}.Release|ARM64.ActiveCfg = Release|Any CPU
		{96904B48-53AB-4643-82D4-98E1E1A5E32A}.Release|ARM64.Build.0 = Release|Any CPU
		{96904B48-53AB-4643-82D4-98E1E1A5E32A}.Release|x64.ActiveCfg = Release|Any CPU
		{96904B48-53AB-4643-82D4-98E1E1A5E32A}.Release|x64.Build.0 = Release|Any CPU
		{96904B48-53AB-4643-82D4-98E1E1A5E32A}.Release|x86.ActiveCfg = Release|Any CPU
		{96904B48-53AB-4643-82D4-98E1E1A5E32A}.Release|x86.Build.0 = Release|Any CPU
		{CAFE6B1E-8C73-40B7-8343-F143849BA615}.Debug|Any CPU.ActiveCfg = Debug|Any CPU
		{CAFE6B1E-8C73-40B7-8343-F143849BA615}.Debug|Any CPU.Build.0 = Debug|Any CPU
		{CAFE6B1E-8C73-40B7-8343-F143849BA615}.Debug|Any CPU.Deploy.0 = Debug|Any CPU
		{CAFE6B1E-8C73-40B7-8343-F143849BA615}.Debug|ARM.ActiveCfg = Debug|ARM
		{CAFE6B1E-8C73-40B7-8343-F143849BA615}.Debug|ARM.Build.0 = Debug|ARM
		{CAFE6B1E-8C73-40B7-8343-F143849BA615}.Debug|ARM.Deploy.0 = Debug|ARM
		{CAFE6B1E-8C73-40B7-8343-F143849BA615}.Debug|ARM64.ActiveCfg = Debug|ARM64
		{CAFE6B1E-8C73-40B7-8343-F143849BA615}.Debug|ARM64.Build.0 = Debug|ARM64
		{CAFE6B1E-8C73-40B7-8343-F143849BA615}.Debug|ARM64.Deploy.0 = Debug|ARM64
		{CAFE6B1E-8C73-40B7-8343-F143849BA615}.Debug|x64.ActiveCfg = Debug|x64
		{CAFE6B1E-8C73-40B7-8343-F143849BA615}.Debug|x64.Build.0 = Debug|x64
		{CAFE6B1E-8C73-40B7-8343-F143849BA615}.Debug|x64.Deploy.0 = Debug|x64
		{CAFE6B1E-8C73-40B7-8343-F143849BA615}.Debug|x86.ActiveCfg = Debug|x86
		{CAFE6B1E-8C73-40B7-8343-F143849BA615}.Debug|x86.Build.0 = Debug|x86
		{CAFE6B1E-8C73-40B7-8343-F143849BA615}.Debug|x86.Deploy.0 = Debug|x86
		{CAFE6B1E-8C73-40B7-8343-F143849BA615}.Release|Any CPU.ActiveCfg = Release|Any CPU
		{CAFE6B1E-8C73-40B7-8343-F143849BA615}.Release|Any CPU.Build.0 = Release|Any CPU
		{CAFE6B1E-8C73-40B7-8343-F143849BA615}.Release|Any CPU.Deploy.0 = Release|Any CPU
		{CAFE6B1E-8C73-40B7-8343-F143849BA615}.Release|ARM.ActiveCfg = Release|ARM
		{CAFE6B1E-8C73-40B7-8343-F143849BA615}.Release|ARM.Build.0 = Release|ARM
		{CAFE6B1E-8C73-40B7-8343-F143849BA615}.Release|ARM.Deploy.0 = Release|ARM
		{CAFE6B1E-8C73-40B7-8343-F143849BA615}.Release|ARM64.ActiveCfg = Release|ARM64
		{CAFE6B1E-8C73-40B7-8343-F143849BA615}.Release|ARM64.Build.0 = Release|ARM64
		{CAFE6B1E-8C73-40B7-8343-F143849BA615}.Release|ARM64.Deploy.0 = Release|ARM64
		{CAFE6B1E-8C73-40B7-8343-F143849BA615}.Release|x64.ActiveCfg = Release|x64
		{CAFE6B1E-8C73-40B7-8343-F143849BA615}.Release|x64.Build.0 = Release|x64
		{CAFE6B1E-8C73-40B7-8343-F143849BA615}.Release|x64.Deploy.0 = Release|x64
		{CAFE6B1E-8C73-40B7-8343-F143849BA615}.Release|x86.ActiveCfg = Release|x86
		{CAFE6B1E-8C73-40B7-8343-F143849BA615}.Release|x86.Build.0 = Release|x86
		{CAFE6B1E-8C73-40B7-8343-F143849BA615}.Release|x86.Deploy.0 = Release|x86
	EndGlobalSection
	GlobalSection(SolutionProperties) = preSolution
		HideSolutionNode = FALSE
	EndGlobalSection
	GlobalSection(ExtensibilityGlobals) = postSolution
		SolutionGuid = {3DA80388-9C3F-4EC6-805D-40191B56B000}
	EndGlobalSection
EndGlobal
